// !$*UTF8*$!
{
	archiveVersion = 1;
	classes = {
	};
	objectVersion = 46;
	objects = {

/* Begin PBXBuildFile section */
		9C50373B19D8EA2B00E24662 /* main.m in Sources */ = {isa = PBXBuildFile; fileRef = 9C50373A19D8EA2B00E24662 /* main.m */; };
		9C50373E19D8EA2B00E24662 /* AppDelegate.m in Sources */ = {isa = PBXBuildFile; fileRef = 9C50373D19D8EA2B00E24662 /* AppDelegate.m */; };
		9C50374119D8EA2B00E24662 /* MasterViewController.m in Sources */ = {isa = PBXBuildFile; fileRef = 9C50374019D8EA2B00E24662 /* MasterViewController.m */; };
		9C50374419D8EA2B00E24662 /* DetailViewController.m in Sources */ = {isa = PBXBuildFile; fileRef = 9C50374319D8EA2B00E24662 /* DetailViewController.m */; };
		9C50374719D8EA2B00E24662 /* Main.storyboard in Resources */ = {isa = PBXBuildFile; fileRef = 9C50374519D8EA2B00E24662 /* Main.storyboard */; };
		9C50374919D8EA2B00E24662 /* Images.xcassets in Resources */ = {isa = PBXBuildFile; fileRef = 9C50374819D8EA2B00E24662 /* Images.xcassets */; };
		9C50374C19D8EA2B00E24662 /* LaunchScreen.xib in Resources */ = {isa = PBXBuildFile; fileRef = 9C50374A19D8EA2B00E24662 /* LaunchScreen.xib */; };
		9C50375819D8EA2B00E24662 /* OmegaTests.m in Sources */ = {isa = PBXBuildFile; fileRef = 9C50375719D8EA2B00E24662 /* OmegaTests.m */; };
/* End PBXBuildFile section */

/* Begin PBXContainerItemProxy section */
		9C50375219D8EA2B00E24662 /* PBXContainerItemProxy */ = {
			isa = PBXContainerItemProxy;
			containerPortal = 9C50372D19D8EA2B00E24662 /* Project object */;
			proxyType = 1;
			remoteGlobalIDString = 9C50373419D8EA2B00E24662;
			remoteInfo = Omega;
		};
/* End PBXContainerItemProxy section */

/* Begin PBXFileReference section */
		9C50373519D8EA2B00E24662 /* Omega.app */ = {isa = PBXFileReference; explicitFileType = wrapper.application; includeInIndex = 0; path = Omega.app; sourceTree = BUILT_PRODUCTS_DIR; };
		9C50373919D8EA2B00E24662 /* Info.plist */ = {isa = PBXFileReference; lastKnownFileType = text.plist.xml; path = Info.plist; sourceTree = "<group>"; };
		9C50373A19D8EA2B00E24662 /* main.m */ = {isa = PBXFileReference; lastKnownFileType = sourcecode.c.objc; path = main.m; sourceTree = "<group>"; };
		9C50373C19D8EA2B00E24662 /* AppDelegate.h */ = {isa = PBXFileReference; lastKnownFileType = sourcecode.c.h; path = AppDelegate.h; sourceTree = "<group>"; };
		9C50373D19D8EA2B00E24662 /* AppDelegate.m */ = {isa = PBXFileReference; lastKnownFileType = sourcecode.c.objc; path = AppDelegate.m; sourceTree = "<group>"; };
		9C50373F19D8EA2B00E24662 /* MasterViewController.h */ = {isa = PBXFileReference; lastKnownFileType = sourcecode.c.h; path = MasterViewController.h; sourceTree = "<group>"; };
		9C50374019D8EA2B00E24662 /* MasterViewController.m */ = {isa = PBXFileReference; lastKnownFileType = sourcecode.c.objc; path = MasterViewController.m; sourceTree = "<group>"; };
		9C50374219D8EA2B00E24662 /* DetailViewController.h */ = {isa = PBXFileReference; lastKnownFileType = sourcecode.c.h; path = DetailViewController.h; sourceTree = "<group>"; };
		9C50374319D8EA2B00E24662 /* DetailViewController.m */ = {isa = PBXFileReference; lastKnownFileType = sourcecode.c.objc; path = DetailViewController.m; sourceTree = "<group>"; };
		9C50374619D8EA2B00E24662 /* Base */ = {isa = PBXFileReference; lastKnownFileType = file.storyboard; name = Base; path = Base.lproj/Main.storyboard; sourceTree = "<group>"; };
		9C50374819D8EA2B00E24662 /* Images.xcassets */ = {isa = PBXFileReference; lastKnownFileType = folder.assetcatalog; path = Images.xcassets; sourceTree = "<group>"; };
		9C50374B19D8EA2B00E24662 /* Base */ = {isa = PBXFileReference; lastKnownFileType = file.xib; name = Base; path = Base.lproj/LaunchScreen.xib; sourceTree = "<group>"; };
		9C50375119D8EA2B00E24662 /* OmegaTests.xctest */ = {isa = PBXFileReference; explicitFileType = wrapper.cfbundle; includeInIndex = 0; path = OmegaTests.xctest; sourceTree = BUILT_PRODUCTS_DIR; };
		9C50375619D8EA2B00E24662 /* Info.plist */ = {isa = PBXFileReference; lastKnownFileType = text.plist.xml; path = Info.plist; sourceTree = "<group>"; };
		9C50375719D8EA2B00E24662 /* OmegaTests.m */ = {isa = PBXFileReference; lastKnownFileType = sourcecode.c.objc; path = OmegaTests.m; sourceTree = "<group>"; };
/* End PBXFileReference section */

/* Begin PBXFrameworksBuildPhase section */
		9C50373219D8EA2B00E24662 /* Frameworks */ = {
			isa = PBXFrameworksBuildPhase;
			buildActionMask = 2147483647;
			files = (
			);
			runOnlyForDeploymentPostprocessing = 0;
		};
		9C50374E19D8EA2B00E24662 /* Frameworks */ = {
			isa = PBXFrameworksBuildPhase;
			buildActionMask = 2147483647;
			files = (
			);
			runOnlyForDeploymentPostprocessing = 0;
		};
/* End PBXFrameworksBuildPhase section */

/* Begin PBXGroup section */
		9C50372C19D8EA2B00E24662 = {
			isa = PBXGroup;
			children = (
				9C50373719D8EA2B00E24662 /* Omega */,
				9C50375419D8EA2B00E24662 /* OmegaTests */,
				9C50373619D8EA2B00E24662 /* Products */,
			);
			sourceTree = "<group>";
		};
		9C50373619D8EA2B00E24662 /* Products */ = {
			isa = PBXGroup;
			children = (
				9C50373519D8EA2B00E24662 /* Omega.app */,
				9C50375119D8EA2B00E24662 /* OmegaTests.xctest */,
			);
			name = Products;
			sourceTree = "<group>";
		};
		9C50373719D8EA2B00E24662 /* Omega */ = {
			isa = PBXGroup;
			children = (
				9C50373C19D8EA2B00E24662 /* AppDelegate.h */,
				9C50373D19D8EA2B00E24662 /* AppDelegate.m */,
				9C50373F19D8EA2B00E24662 /* MasterViewController.h */,
				9C50374019D8EA2B00E24662 /* MasterViewController.m */,
				9C50374219D8EA2B00E24662 /* DetailViewController.h */,
				9C50374319D8EA2B00E24662 /* DetailViewController.m */,
				9C50374519D8EA2B00E24662 /* Main.storyboard */,
				9C50374819D8EA2B00E24662 /* Images.xcassets */,
				9C50374A19D8EA2B00E24662 /* LaunchScreen.xib */,
				9C50373819D8EA2B00E24662 /* Supporting Files */,
			);
			path = Omega;
			sourceTree = "<group>";
		};
		9C50373819D8EA2B00E24662 /* Supporting Files */ = {
			isa = PBXGroup;
			children = (
				9C50373919D8EA2B00E24662 /* Info.plist */,
				9C50373A19D8EA2B00E24662 /* main.m */,
			);
			name = "Supporting Files";
			sourceTree = "<group>";
		};
		9C50375419D8EA2B00E24662 /* OmegaTests */ = {
			isa = PBXGroup;
			children = (
				9C50375719D8EA2B00E24662 /* OmegaTests.m */,
				9C50375519D8EA2B00E24662 /* Supporting Files */,
			);
			path = OmegaTests;
			sourceTree = "<group>";
		};
		9C50375519D8EA2B00E24662 /* Supporting Files */ = {
			isa = PBXGroup;
			children = (
				9C50375619D8EA2B00E24662 /* Info.plist */,
			);
			name = "Supporting Files";
			sourceTree = "<group>";
		};
/* End PBXGroup section */

/* Begin PBXNativeTarget section */
		9C50373419D8EA2B00E24662 /* Omega */ = {
			isa = PBXNativeTarget;
			buildConfigurationList = 9C50375B19D8EA2C00E24662 /* Build configuration list for PBXNativeTarget "Omega" */;
			buildPhases = (
				9C50373119D8EA2B00E24662 /* Sources */,
				9C50373219D8EA2B00E24662 /* Frameworks */,
				9C50373319D8EA2B00E24662 /* Resources */,
			);
			buildRules = (
			);
			dependencies = (
			);
			name = Omega;
			productName = Omega;
			productReference = 9C50373519D8EA2B00E24662 /* Omega.app */;
			productType = "com.apple.product-type.application";
		};
		9C50375019D8EA2B00E24662 /* OmegaTests */ = {
			isa = PBXNativeTarget;
			buildConfigurationList = 9C50375E19D8EA2C00E24662 /* Build configuration list for PBXNativeTarget "OmegaTests" */;
			buildPhases = (
				9C50374D19D8EA2B00E24662 /* Sources */,
				9C50374E19D8EA2B00E24662 /* Frameworks */,
				9C50374F19D8EA2B00E24662 /* Resources */,
			);
			buildRules = (
			);
			dependencies = (
				9C50375319D8EA2B00E24662 /* PBXTargetDependency */,
			);
			name = OmegaTests;
			productName = OmegaTests;
			productReference = 9C50375119D8EA2B00E24662 /* OmegaTests.xctest */;
			productType = "com.apple.product-type.bundle.unit-test";
		};
/* End PBXNativeTarget section */

/* Begin PBXProject section */
		9C50372D19D8EA2B00E24662 /* Project object */ = {
			isa = PBXProject;
			attributes = {
				LastUpgradeCheck = 0600;
				ORGANIZATIONNAME = "Hector Sanchez";
				TargetAttributes = {
					9C50373419D8EA2B00E24662 = {
						CreatedOnToolsVersion = 6.0.1;
					};
					9C50375019D8EA2B00E24662 = {
						CreatedOnToolsVersion = 6.0.1;
						TestTargetID = 9C50373419D8EA2B00E24662;
					};
				};
			};
			buildConfigurationList = 9C50373019D8EA2B00E24662 /* Build configuration list for PBXProject "Omega" */;
			compatibilityVersion = "Xcode 3.2";
			developmentRegion = English;
			hasScannedForEncodings = 0;
			knownRegions = (
				en,
				Base,
			);
			mainGroup = 9C50372C19D8EA2B00E24662;
			productRefGroup = 9C50373619D8EA2B00E24662 /* Products */;
			projectDirPath = "";
			projectRoot = "";
			targets = (
				9C50373419D8EA2B00E24662 /* Omega */,
				9C50375019D8EA2B00E24662 /* OmegaTests */,
			);
		};
/* End PBXProject section */

/* Begin PBXResourcesBuildPhase section */
		9C50373319D8EA2B00E24662 /* Resources */ = {
			isa = PBXResourcesBuildPhase;
			buildActionMask = 2147483647;
			files = (
				9C50374719D8EA2B00E24662 /* Main.storyboard in Resources */,
				9C50374C19D8EA2B00E24662 /* LaunchScreen.xib in Resources */,
				9C50374919D8EA2B00E24662 /* Images.xcassets in Resources */,
			);
			runOnlyForDeploymentPostprocessing = 0;
		};
		9C50374F19D8EA2B00E24662 /* Resources */ = {
			isa = PBXResourcesBuildPhase;
			buildActionMask = 2147483647;
			files = (
			);
			runOnlyForDeploymentPostprocessing = 0;
		};
/* End PBXResourcesBuildPhase section */

/* Begin PBXSourcesBuildPhase section */
		9C50373119D8EA2B00E24662 /* Sources */ = {
			isa = PBXSourcesBuildPhase;
			buildActionMask = 2147483647;
			files = (
				9C50373E19D8EA2B00E24662 /* AppDelegate.m in Sources */,
				9C50374119D8EA2B00E24662 /* MasterViewController.m in Sources */,
				9C50373B19D8EA2B00E24662 /* main.m in Sources */,
				9C50374419D8EA2B00E24662 /* DetailViewController.m in Sources */,
			);
			runOnlyForDeploymentPostprocessing = 0;
		};
		9C50374D19D8EA2B00E24662 /* Sources */ = {
			isa = PBXSourcesBuildPhase;
			buildActionMask = 2147483647;
			files = (
				9C50375819D8EA2B00E24662 /* OmegaTests.m in Sources */,
			);
			runOnlyForDeploymentPostprocessing = 0;
		};
/* End PBXSourcesBuildPhase section */

/* Begin PBXTargetDependency section */
		9C50375319D8EA2B00E24662 /* PBXTargetDependency */ = {
			isa = PBXTargetDependency;
			target = 9C50373419D8EA2B00E24662 /* Omega */;
			targetProxy = 9C50375219D8EA2B00E24662 /* PBXContainerItemProxy */;
		};
/* End PBXTargetDependency section */

/* Begin PBXVariantGroup section */
		9C50374519D8EA2B00E24662 /* Main.storyboard */ = {
			isa = PBXVariantGroup;
			children = (
				9C50374619D8EA2B00E24662 /* Base */,
			);
			name = Main.storyboard;
			sourceTree = "<group>";
		};
		9C50374A19D8EA2B00E24662 /* LaunchScreen.xib */ = {
			isa = PBXVariantGroup;
			children = (
				9C50374B19D8EA2B00E24662 /* Base */,
			);
			name = LaunchScreen.xib;
			sourceTree = "<group>";
		};
/* End PBXVariantGroup section */

/* Begin XCBuildConfiguration section */
		9C50375919D8EA2C00E24662 /* Debug */ = {
			isa = XCBuildConfiguration;
			buildSettings = {
				ALWAYS_SEARCH_USER_PATHS = NO;
				CLANG_CXX_LANGUAGE_STANDARD = "gnu++0x";
				CLANG_CXX_LIBRARY = "libc++";
				CLANG_ENABLE_MODULES = YES;
				CLANG_ENABLE_OBJC_ARC = YES;
				CLANG_WARN_BOOL_CONVERSION = YES;
				CLANG_WARN_CONSTANT_CONVERSION = YES;
				CLANG_WARN_DIRECT_OBJC_ISA_USAGE = YES_ERROR;
				CLANG_WARN_EMPTY_BODY = YES;
				CLANG_WARN_ENUM_CONVERSION = YES;
				CLANG_WARN_INT_CONVERSION = YES;
				CLANG_WARN_OBJC_ROOT_CLASS = YES_ERROR;
				CLANG_WARN_UNREACHABLE_CODE = YES;
				CLANG_WARN__DUPLICATE_METHOD_MATCH = YES;
				"CODE_SIGN_IDENTITY[sdk=iphoneos*]" = "iPhone Developer";
				COPY_PHASE_STRIP = NO;
				ENABLE_STRICT_OBJC_MSGSEND = YES;
				GCC_C_LANGUAGE_STANDARD = gnu99;
				GCC_DYNAMIC_NO_PIC = NO;
				GCC_OPTIMIZATION_LEVEL = 0;
				GCC_PREPROCESSOR_DEFINITIONS = (
					"DEBUG=1",
					"$(inherited)",
				);
				GCC_SYMBOLS_PRIVATE_EXTERN = NO;
				GCC_WARN_64_TO_32_BIT_CONVERSION = YES;
				GCC_WARN_ABOUT_RETURN_TYPE = YES_ERROR;
				GCC_WARN_UNDECLARED_SELECTOR = YES;
				GCC_WARN_UNINITIALIZED_AUTOS = YES_AGGRESSIVE;
				GCC_WARN_UNUSED_FUNCTION = YES;
				GCC_WARN_UNUSED_VARIABLE = YES;
				IPHONEOS_DEPLOYMENT_TARGET = 8.0;
				MTL_ENABLE_DEBUG_INFO = YES;
				ONLY_ACTIVE_ARCH = YES;
				SDKROOT = iphoneos;
				TARGETED_DEVICE_FAMILY = "1,2";
			};
			name = Debug;
		};
		9C50375A19D8EA2C00E24662 /* Release */ = {
			isa = XCBuildConfiguration;
			buildSettings = {
				ALWAYS_SEARCH_USER_PATHS = NO;
				CLANG_CXX_LANGUAGE_STANDARD = "gnu++0x";
				CLANG_CXX_LIBRARY = "libc++";
				CLANG_ENABLE_MODULES = YES;
				CLANG_ENABLE_OBJC_ARC = YES;
				CLANG_WARN_BOOL_CONVERSION = YES;
				CLANG_WARN_CONSTANT_CONVERSION = YES;
				CLANG_WARN_DIRECT_OBJC_ISA_USAGE = YES_ERROR;
				CLANG_WARN_EMPTY_BODY = YES;
				CLANG_WARN_ENUM_CONVERSION = YES;
				CLANG_WARN_INT_CONVERSION = YES;
				CLANG_WARN_OBJC_ROOT_CLASS = YES_ERROR;
				CLANG_WARN_UNREACHABLE_CODE = YES;
				CLANG_WARN__DUPLICATE_METHOD_MATCH = YES;
				"CODE_SIGN_IDENTITY[sdk=iphoneos*]" = "iPhone Developer";
				COPY_PHASE_STRIP = YES;
				ENABLE_NS_ASSERTIONS = NO;
				ENABLE_STRICT_OBJC_MSGSEND = YES;
				GCC_C_LANGUAGE_STANDARD = gnu99;
				GCC_WARN_64_TO_32_BIT_CONVERSION = YES;
				GCC_WARN_ABOUT_RETURN_TYPE = YES_ERROR;
				GCC_WARN_UNDECLARED_SELECTOR = YES;
				GCC_WARN_UNINITIALIZED_AUTOS = YES_AGGRESSIVE;
				GCC_WARN_UNUSED_FUNCTION = YES;
				GCC_WARN_UNUSED_VARIABLE = YES;
				IPHONEOS_DEPLOYMENT_TARGET = 8.0;
				MTL_ENABLE_DEBUG_INFO = NO;
				SDKROOT = iphoneos;
				TARGETED_DEVICE_FAMILY = "1,2";
				VALIDATE_PRODUCT = YES;
			};
			name = Release;
		};
		9C50375C19D8EA2C00E24662 /* Debug */ = {
			isa = XCBuildConfiguration;
			buildSettings = {
				ASSETCATALOG_COMPILER_APPICON_NAME = AppIcon;
				INFOPLIST_FILE = Omega/Info.plist;
				LD_RUNPATH_SEARCH_PATHS = "$(inherited) @executable_path/Frameworks";
				PRODUCT_NAME = "$(TARGET_NAME)";
			};
			name = Debug;
		};
		9C50375D19D8EA2C00E24662 /* Release */ = {
			isa = XCBuildConfiguration;
			buildSettings = {
				ASSETCATALOG_COMPILER_APPICON_NAME = AppIcon;
				INFOPLIST_FILE = Omega/Info.plist;
				LD_RUNPATH_SEARCH_PATHS = "$(inherited) @executable_path/Frameworks";
				PRODUCT_NAME = "$(TARGET_NAME)";
			};
			name = Release;
		};
		9C50375F19D8EA2C00E24662 /* Debug */ = {
			isa = XCBuildConfiguration;
			buildSettings = {
				BUNDLE_LOADER = "$(TEST_HOST)";
				FRAMEWORK_SEARCH_PATHS = (
					"$(SDKROOT)/Developer/Library/Frameworks",
					"$(inherited)",
				);
				GCC_PREPROCESSOR_DEFINITIONS = (
					"DEBUG=1",
					"$(inherited)",
				);
				INFOPLIST_FILE = OmegaTests/Info.plist;
				LD_RUNPATH_SEARCH_PATHS = "$(inherited) @executable_path/Frameworks @loader_path/Frameworks";
				PRODUCT_NAME = "$(TARGET_NAME)";
				TEST_HOST = "$(BUILT_PRODUCTS_DIR)/Omega.app/Omega";
			};
			name = Debug;
		};
		9C50376019D8EA2C00E24662 /* Release */ = {
			isa = XCBuildConfiguration;
			buildSettings = {
				BUNDLE_LOADER = "$(TEST_HOST)";
				FRAMEWORK_SEARCH_PATHS = (
					"$(SDKROOT)/Developer/Library/Frameworks",
					"$(inherited)",
				);
				INFOPLIST_FILE = OmegaTests/Info.plist;
				LD_RUNPATH_SEARCH_PATHS = "$(inherited) @executable_path/Frameworks @loader_path/Frameworks";
				PRODUCT_NAME = "$(TARGET_NAME)";
				TEST_HOST = "$(BUILT_PRODUCTS_DIR)/Omega.app/Omega";
			};
			name = Release;
		};
/* End XCBuildConfiguration section */

/* Begin XCConfigurationList section */
		9C50373019D8EA2B00E24662 /* Build configuration list for PBXProject "Omega" */ = {
			isa = XCConfigurationList;
			buildConfigurations = (
				9C50375919D8EA2C00E24662 /* Debug */,
				9C50375A19D8EA2C00E24662 /* Release */,
			);
			defaultConfigurationIsVisible = 0;
			defaultConfigurationName = Release;
		};
		9C50375B19D8EA2C00E24662 /* Build configuration list for PBXNativeTarget "Omega" */ = {
			isa = XCConfigurationList;
			buildConfigurations = (
				9C50375C19D8EA2C00E24662 /* Debug */,
				9C50375D19D8EA2C00E24662 /* Release */,
			);
			defaultConfigurationIsVisible = 0;
		};
		9C50375E19D8EA2C00E24662 /* Build configuration list for PBXNativeTarget "OmegaTests" */ = {
			isa = XCConfigurationList;
			buildConfigurations = (
				9C50375F19D8EA2C00E24662 /* Debug */,
				9C50376019D8EA2C00E24662 /* Release */,
			);
			defaultConfigurationIsVisible = 0;
		};
/* End XCConfigurationList section */
	};
	rootObject = 9C50372D19D8EA2B00E24662 /* Project object */;
}
